
Microsoft Visual Studio Solution File, Format Version 12.00
# Visual Studio 15
VisualStudioVersion = 15.0.27428.2043
MinimumVisualStudioVersion = 10.0.40219.1
Project("{FAE04EC0-301F-11D3-BF4B-00C04F79EFBC}") = "WebApplication1", "WebApplication1\WebApplication1.csproj", "{0BBB34EF-B2CD-4743-9F51-B84CD9B03D81}"
EndProject
Project("{E53339B2-1760-4266-BCC7-CA923CBCF16C}") = "docker-compose", "docker-compose.dcproj", "{F429B540-16F7-4113-8F03-5DB8FDDE565E}"
EndProject
Global
	GlobalSection(SolutionConfigurationPlatforms) = preSolution
		Debug|Any CPU = Debug|Any CPU
		Release|Any CPU = Release|Any CPU
	EndGlobalSection
	GlobalSection(ProjectConfigurationPlatforms) = postSolution
		{0BBB34EF-B2CD-4743-9F51-B84CD9B03D81}.Debug|Any CPU.ActiveCfg = Debug|Any CPU
		{0BBB34EF-B2CD-4743-9F51-B84CD9B03D81}.Debug|Any CPU.Build.0 = Debug|Any CPU
		{0BBB34EF-B2CD-4743-9F51-B84CD9B03D81}.Release|Any CPU.ActiveCfg = Release|Any CPU
		{0BBB34EF-B2CD-4743-9F51-B84CD9B03D81}.Release|Any CPU.Build.0 = Release|Any CPU
		{F429B540-16F7-4113-8F03-5DB8FDDE565E}.Debug|Any CPU.ActiveCfg = Debug|Any CPU
		{F429B540-16F7-4113-8F03-5DB8FDDE565E}.Debug|Any CPU.Build.0 = Debug|Any CPU
		{F429B540-16F7-4113-8F03-5DB8FDDE565E}.Release|Any CPU.ActiveCfg = Release|Any CPU
		{F429B540-16F7-4113-8F03-5DB8FDDE565E}.Release|Any CPU.Build.0 = Release|Any CPU
	EndGlobalSection
	GlobalSection(SolutionProperties) = preSolution
		HideSolutionNode = FALSE
	EndGlobalSection
	GlobalSection(ExtensibilityGlobals) = postSolution
		SolutionGuid = {210982D4-3670-45A4-98A2-8B763F13D122}
	EndGlobalSection
EndGlobal
